
Microsoft Visual Studio Solution File, Format Version 12.00
# Visual Studio Version 17
VisualStudioVersion = 17.5.33424.131
MinimumVisualStudioVersion = 10.0.40219.1
Project("{FAE04EC0-301F-11D3-BF4B-00C04F79EFBC}") = "SendOTP", "SendOTP\SendOTP.csproj", "{9F6F35A4-D218-4D2A-B42C-453C331469BC}"
EndProject
Global
	GlobalSection(SolutionConfigurationPlatforms) = preSolution
		Debug|Any CPU = Debug|Any CPU
		Release|Any CPU = Release|Any CPU
	EndGlobalSection
	GlobalSection(ProjectConfigurationPlatforms) = postSolution
		{9F6F35A4-D218-4D2A-B42C-453C331469BC}.Debug|Any CPU.ActiveCfg = Debug|Any CPU
		{9F6F35A4-D218-4D2A-B42C-453C331469BC}.Debug|Any CPU.Build.0 = Debug|Any CPU
		{9F6F35A4-D218-4D2A-B42C-453C331469BC}.Release|Any CPU.ActiveCfg = Release|Any CPU
		{9F6F35A4-D218-4D2A-B42C-453C331469BC}.Release|Any CPU.Build.0 = Release|Any CPU
	EndGlobalSection
	GlobalSection(SolutionProperties) = preSolution
		HideSolutionNode = FALSE
	EndGlobalSection
	GlobalSection(ExtensibilityGlobals) = postSolution
		SolutionGuid = {BE080BB1-9126-494B-BA16-475DBF2C15A0}
	EndGlobalSection
EndGlobal
